uuid: 2cda8dd0-4ccc-4482-819b-6994d1a8a8ec
langcode: en
status: true
dependencies:
  content:
    - 'block_content:basic:e3a4874d-7e0a-4a62-b21e-7e3b5c98e32f'
  module:
    - block_content
    - system
  theme:
    - wieting_theatre
id: block
theme: wieting_theatre
region: content
weight: -24
provider: null
plugin: 'block_content:e3a4874d-7e0a-4a62-b21e-7e3b5c98e32f'
settings:
  id: 'block_content:e3a4874d-7e0a-4a62-b21e-7e3b5c98e32f'
  label: ''
  provider: block_content
  label_display: '0'
  status: true
  info: ''
  view_mode: full
visibility:
  request_path:
    id: request_path
    negate: false
    pages: '<front>'
